
Microsoft Visual Studio Solution File, Format Version 12.00
# Visual Studio Version 17
VisualStudioVersion = 17.4.33110.190
MinimumVisualStudioVersion = 10.0.40219.1
Project("{FAE04EC0-301F-11D3-BF4B-00C04F79EFBC}") = "Exercice01", "Exercice1\Exercice01.csproj", "{C2696AEF-D491-4C18-A95F-95F94961BF07}"
EndProject
Project("{FAE04EC0-301F-11D3-BF4B-00C04F79EFBC}") = "Exercice01_1", "Exercice1_1\Exercice01_1.csproj", "{C30D28BD-7AD4-4A81-8325-4A580932CF4E}"
EndProject
Project("{FAE04EC0-301F-11D3-BF4B-00C04F79EFBC}") = "Exercice02", "Exercice2\Exercice02.csproj", "{1F0DDD78-4848-4137-B8C4-C15B4E4F18DD}"
EndProject
Project("{FAE04EC0-301F-11D3-BF4B-00C04F79EFBC}") = "Exercice03", "Exercice3\Exercice03.csproj", "{C24CB300-AEF7-490E-9B97-660475DBF9A0}"
EndProject
Project("{FAE04EC0-301F-11D3-BF4B-00C04F79EFBC}") = "Exercice04", "Exercice4\Exercice04.csproj", "{9DC15681-169E-454B-953A-A222E6137715}"
EndProject
Project("{FAE04EC0-301F-11D3-BF4B-00C04F79EFBC}") = "Exercice05", "Exercice5\Exercice05.csproj", "{9463E4B2-D58F-406D-BE95-FCDA849F59DB}"
EndProject
Project("{FAE04EC0-301F-11D3-BF4B-00C04F79EFBC}") = "Exercice06", "Exercice6\Exercice06.csproj", "{43C57137-9841-4EF2-AB3B-5A04E71D177F}"
EndProject
Project("{FAE04EC0-301F-11D3-BF4B-00C04F79EFBC}") = "Exercice07", "Exercice7\Exercice07.csproj", "{8FDB7A34-B519-4B46-BFCE-7F041D828120}"
EndProject
Project("{FAE04EC0-301F-11D3-BF4B-00C04F79EFBC}") = "Exercice08", "Exercice8\Exercice08.csproj", "{0C3D520B-6FF9-4A21-8BB7-A4AB5533EA8C}"
EndProject
Project("{FAE04EC0-301F-11D3-BF4B-00C04F79EFBC}") = "Exercice09", "Exercice9\Exercice09.csproj", "{C95965FA-8A4A-472F-8B1B-11FDFDABFE19}"
EndProject
Project("{FAE04EC0-301F-11D3-BF4B-00C04F79EFBC}") = "Exercice10(a finir)", "Exercice10\Exercice10(a finir).csproj", "{8E10DA3A-7230-41F5-B169-91A6371DA1A2}"
EndProject
Project("{FAE04EC0-301F-11D3-BF4B-00C04F79EFBC}") = "Exercice11(a finir)", "Exercice11\Exercice11(a finir).csproj", "{2DFCB9C6-7DE6-4197-B699-5D4C16B5A431}"
EndProject
Project("{FAE04EC0-301F-11D3-BF4B-00C04F79EFBC}") = "Exercice12", "Exercice12\Exercice12.csproj", "{F14656FB-4B48-4696-8629-9C083691855E}"
EndProject
Project("{FAE04EC0-301F-11D3-BF4B-00C04F79EFBC}") = "Exercice12_1", "Exercice12_1\Exercice12_1.csproj", "{F1F00EA7-2AE0-42BB-8AEB-3ED9D336DCFE}"
EndProject
Project("{FAE04EC0-301F-11D3-BF4B-00C04F79EFBC}") = "Exercice13", "Exercice13\Exercice13.csproj", "{549E8B13-5CD3-4553-A825-48CE5D02BFF8}"
EndProject
Project("{FAE04EC0-301F-11D3-BF4B-00C04F79EFBC}") = "Exercice14", "Exercice14\Exercice14.csproj", "{E59797A4-8022-4F4D-B18D-DEE0F0F08D02}"
EndProject
Project("{FAE04EC0-301F-11D3-BF4B-00C04F79EFBC}") = "Exercice15", "Exercice15\Exercice15.csproj", "{79567D47-D186-465C-BECD-C3B11E71B28B}"
EndProject
Global
	GlobalSection(SolutionConfigurationPlatforms) = preSolution
		Debug|Any CPU = Debug|Any CPU
		Release|Any CPU = Release|Any CPU
	EndGlobalSection
	GlobalSection(ProjectConfigurationPlatforms) = postSolution
		{C2696AEF-D491-4C18-A95F-95F94961BF07}.Debug|Any CPU.ActiveCfg = Debug|Any CPU
		{C2696AEF-D491-4C18-A95F-95F94961BF07}.Debug|Any CPU.Build.0 = Debug|Any CPU
		{C2696AEF-D491-4C18-A95F-95F94961BF07}.Release|Any CPU.ActiveCfg = Release|Any CPU
		{C2696AEF-D491-4C18-A95F-95F94961BF07}.Release|Any CPU.Build.0 = Release|Any CPU
		{C30D28BD-7AD4-4A81-8325-4A580932CF4E}.Debug|Any CPU.ActiveCfg = Debug|Any CPU
		{C30D28BD-7AD4-4A81-8325-4A580932CF4E}.Debug|Any CPU.Build.0 = Debug|Any CPU
		{C30D28BD-7AD4-4A81-8325-4A580932CF4E}.Release|Any CPU.ActiveCfg = Release|Any CPU
		{C30D28BD-7AD4-4A81-8325-4A580932CF4E}.Release|Any CPU.Build.0 = Release|Any CPU
		{1F0DDD78-4848-4137-B8C4-C15B4E4F18DD}.Debug|Any CPU.ActiveCfg = Debug|Any CPU
		{1F0DDD78-4848-4137-B8C4-C15B4E4F18DD}.Debug|Any CPU.Build.0 = Debug|Any CPU
		{1F0DDD78-4848-4137-B8C4-C15B4E4F18DD}.Release|Any CPU.ActiveCfg = Release|Any CPU
		{1F0DDD78-4848-4137-B8C4-C15B4E4F18DD}.Release|Any CPU.Build.0 = Release|Any CPU
		{C24CB300-AEF7-490E-9B97-660475DBF9A0}.Debug|Any CPU.ActiveCfg = Debug|Any CPU
		{C24CB300-AEF7-490E-9B97-660475DBF9A0}.Debug|Any CPU.Build.0 = Debug|Any CPU
		{C24CB300-AEF7-490E-9B97-660475DBF9A0}.Release|Any CPU.ActiveCfg = Release|Any CPU
		{C24CB300-AEF7-490E-9B97-660475DBF9A0}.Release|Any CPU.Build.0 = Release|Any CPU
		{9DC15681-169E-454B-953A-A222E6137715}.Debug|Any CPU.ActiveCfg = Debug|Any CPU
		{9DC15681-169E-454B-953A-A222E6137715}.Debug|Any CPU.Build.0 = Debug|Any CPU
		{9DC15681-169E-454B-953A-A222E6137715}.Release|Any CPU.ActiveCfg = Release|Any CPU
		{9DC15681-169E-454B-953A-A222E6137715}.Release|Any CPU.Build.0 = Release|Any CPU
		{9463E4B2-D58F-406D-BE95-FCDA849F59DB}.Debug|Any CPU.ActiveCfg = Debug|Any CPU
		{9463E4B2-D58F-406D-BE95-FCDA849F59DB}.Debug|Any CPU.Build.0 = Debug|Any CPU
		{9463E4B2-D58F-406D-BE95-FCDA849F59DB}.Release|Any CPU.ActiveCfg = Release|Any CPU
		{9463E4B2-D58F-406D-BE95-FCDA849F59DB}.Release|Any CPU.Build.0 = Release|Any CPU
		{43C57137-9841-4EF2-AB3B-5A04E71D177F}.Debug|Any CPU.ActiveCfg = Debug|Any CPU
		{43C57137-9841-4EF2-AB3B-5A04E71D177F}.Debug|Any CPU.Build.0 = Debug|Any CPU
		{43C57137-9841-4EF2-AB3B-5A04E71D177F}.Release|Any CPU.ActiveCfg = Release|Any CPU
		{43C57137-9841-4EF2-AB3B-5A04E71D177F}.Release|Any CPU.Build.0 = Release|Any CPU
		{8FDB7A34-B519-4B46-BFCE-7F041D828120}.Debug|Any CPU.ActiveCfg = Debug|Any CPU
		{8FDB7A34-B519-4B46-BFCE-7F041D828120}.Debug|Any CPU.Build.0 = Debug|Any CPU
		{8FDB7A34-B519-4B46-BFCE-7F041D828120}.Release|Any CPU.ActiveCfg = Release|Any CPU
		{8FDB7A34-B519-4B46-BFCE-7F041D828120}.Release|Any CPU.Build.0 = Release|Any CPU
		{0C3D520B-6FF9-4A21-8BB7-A4AB5533EA8C}.Debug|Any CPU.ActiveCfg = Debug|Any CPU
		{0C3D520B-6FF9-4A21-8BB7-A4AB5533EA8C}.Debug|Any CPU.Build.0 = Debug|Any CPU
		{0C3D520B-6FF9-4A21-8BB7-A4AB5533EA8C}.Release|Any CPU.ActiveCfg = Release|Any CPU
		{0C3D520B-6FF9-4A21-8BB7-A4AB5533EA8C}.Release|Any CPU.Build.0 = Release|Any CPU
		{C95965FA-8A4A-472F-8B1B-11FDFDABFE19}.Debug|Any CPU.ActiveCfg = Debug|Any CPU
		{C95965FA-8A4A-472F-8B1B-11FDFDABFE19}.Debug|Any CPU.Build.0 = Debug|Any CPU
		{C95965FA-8A4A-472F-8B1B-11FDFDABFE19}.Release|Any CPU.ActiveCfg = Release|Any CPU
		{C95965FA-8A4A-472F-8B1B-11FDFDABFE19}.Release|Any CPU.Build.0 = Release|Any CPU
		{8E10DA3A-7230-41F5-B169-91A6371DA1A2}.Debug|Any CPU.ActiveCfg = Debug|Any CPU
		{8E10DA3A-7230-41F5-B169-91A6371DA1A2}.Debug|Any CPU.Build.0 = Debug|Any CPU
		{8E10DA3A-7230-41F5-B169-91A6371DA1A2}.Release|Any CPU.ActiveCfg = Release|Any CPU
		{8E10DA3A-7230-41F5-B169-91A6371DA1A2}.Release|Any CPU.Build.0 = Release|Any CPU
		{2DFCB9C6-7DE6-4197-B699-5D4C16B5A431}.Debug|Any CPU.ActiveCfg = Debug|Any CPU
		{2DFCB9C6-7DE6-4197-B699-5D4C16B5A431}.Debug|Any CPU.Build.0 = Debug|Any CPU
		{2DFCB9C6-7DE6-4197-B699-5D4C16B5A431}.Release|Any CPU.ActiveCfg = Release|Any CPU
		{2DFCB9C6-7DE6-4197-B699-5D4C16B5A431}.Release|Any CPU.Build.0 = Release|Any CPU
		{F14656FB-4B48-4696-8629-9C083691855E}.Debug|Any CPU.ActiveCfg = Debug|Any CPU
		{F14656FB-4B48-4696-8629-9C083691855E}.Debug|Any CPU.Build.0 = Debug|Any CPU
		{F14656FB-4B48-4696-8629-9C083691855E}.Release|Any CPU.ActiveCfg = Release|Any CPU
		{F14656FB-4B48-4696-8629-9C083691855E}.Release|Any CPU.Build.0 = Release|Any CPU
		{F1F00EA7-2AE0-42BB-8AEB-3ED9D336DCFE}.Debug|Any CPU.ActiveCfg = Debug|Any CPU
		{F1F00EA7-2AE0-42BB-8AEB-3ED9D336DCFE}.Debug|Any CPU.Build.0 = Debug|Any CPU
		{F1F00EA7-2AE0-42BB-8AEB-3ED9D336DCFE}.Release|Any CPU.ActiveCfg = Release|Any CPU
		{F1F00EA7-2AE0-42BB-8AEB-3ED9D336DCFE}.Release|Any CPU.Build.0 = Release|Any CPU
		{549E8B13-5CD3-4553-A825-48CE5D02BFF8}.Debug|Any CPU.ActiveCfg = Debug|Any CPU
		{549E8B13-5CD3-4553-A825-48CE5D02BFF8}.Debug|Any CPU.Build.0 = Debug|Any CPU
		{549E8B13-5CD3-4553-A825-48CE5D02BFF8}.Release|Any CPU.ActiveCfg = Release|Any CPU
		{549E8B13-5CD3-4553-A825-48CE5D02BFF8}.Release|Any CPU.Build.0 = Release|Any CPU
		{E59797A4-8022-4F4D-B18D-DEE0F0F08D02}.Debug|Any CPU.ActiveCfg = Debug|Any CPU
		{E59797A4-8022-4F4D-B18D-DEE0F0F08D02}.Debug|Any CPU.Build.0 = Debug|Any CPU
		{E59797A4-8022-4F4D-B18D-DEE0F0F08D02}.Release|Any CPU.ActiveCfg = Release|Any CPU
		{E59797A4-8022-4F4D-B18D-DEE0F0F08D02}.Release|Any CPU.Build.0 = Release|Any CPU
		{79567D47-D186-465C-BECD-C3B11E71B28B}.Debug|Any CPU.ActiveCfg = Debug|Any CPU
		{79567D47-D186-465C-BECD-C3B11E71B28B}.Debug|Any CPU.Build.0 = Debug|Any CPU
		{79567D47-D186-465C-BECD-C3B11E71B28B}.Release|Any CPU.ActiveCfg = Release|Any CPU
		{79567D47-D186-465C-BECD-C3B11E71B28B}.Release|Any CPU.Build.0 = Release|Any CPU
	EndGlobalSection
	GlobalSection(SolutionProperties) = preSolution
		HideSolutionNode = FALSE
	EndGlobalSection
	GlobalSection(ExtensibilityGlobals) = postSolution
		SolutionGuid = {E62BE477-D48F-458D-9C06-4EB728D36F6C}
	EndGlobalSection
EndGlobal
