
Microsoft Visual Studio Solution File, Format Version 12.00
# Visual Studio Version 17
VisualStudioVersion = 17.4.33110.190
MinimumVisualStudioVersion = 10.0.40219.1
Project("{FAE04EC0-301F-11D3-BF4B-00C04F79EFBC}") = "Exercice01", "Exercice1\Exercice01.csproj", "{C2696AEF-D491-4C18-A95F-95F94961BF07}"
EndProject
Project("{FAE04EC0-301F-11D3-BF4B-00C04F79EFBC}") = "Exercice01_1", "Exercice1_1\Exercice01_1.csproj", "{C30D28BD-7AD4-4A81-8325-4A580932CF4E}"
EndProject
Project("{FAE04EC0-301F-11D3-BF4B-00C04F79EFBC}") = "Exercice02", "Exercice2\Exercice02.csproj", "{1F0DDD78-4848-4137-B8C4-C15B4E4F18DD}"
EndProject
Project("{FAE04EC0-301F-11D3-BF4B-00C04F79EFBC}") = "Exercice03", "Exercice3\Exercice03.csproj", "{C24CB300-AEF7-490E-9B97-660475DBF9A0}"
EndProject
Project("{FAE04EC0-301F-11D3-BF4B-00C04F79EFBC}") = "Exercice04", "Exercice4\Exercice04.csproj", "{9DC15681-169E-454B-953A-A222E6137715}"
EndProject
Project("{FAE04EC0-301F-11D3-BF4B-00C04F79EFBC}") = "Exercice05", "Exercice5\Exercice05.csproj", "{9463E4B2-D58F-406D-BE95-FCDA849F59DB}"
EndProject
Project("{FAE04EC0-301F-11D3-BF4B-00C04F79EFBC}") = "Exercice06", "Exercice6\Exercice06.csproj", "{43C57137-9841-4EF2-AB3B-5A04E71D177F}"
EndProject
Project("{FAE04EC0-301F-11D3-BF4B-00C04F79EFBC}") = "Exercice07", "Exercice7\Exercice07.csproj", "{8FDB7A34-B519-4B46-BFCE-7F041D828120}"
EndProject
Project("{FAE04EC0-301F-11D3-BF4B-00C04F79EFBC}") = "Exercice08", "Exercice8\Exercice08.csproj", "{0C3D520B-6FF9-4A21-8BB7-A4AB5533EA8C}"
EndProject
Project("{FAE04EC0-301F-11D3-BF4B-00C04F79EFBC}") = "Exercice09", "Exercice9\Exercice09.csproj", "{C95965FA-8A4A-472F-8B1B-11FDFDABFE19}"
EndProject
Project("{FAE04EC0-301F-11D3-BF4B-00C04F79EFBC}") = "Exercice10", "Exercice10\Exercice10.csproj", "{8E10DA3A-7230-41F5-B169-91A6371DA1A2}"
EndProject
Project("{FAE04EC0-301F-11D3-BF4B-00C04F79EFBC}") = "Exercice11", "Exercice11\Exercice11.csproj", "{2DFCB9C6-7DE6-4197-B699-5D4C16B5A431}"
EndProject
Project("{FAE04EC0-301F-11D3-BF4B-00C04F79EFBC}") = "Exercice12", "Exercice12\Exercice12.csproj", "{F14656FB-4B48-4696-8629-9C083691855E}"
EndProject
Project("{FAE04EC0-301F-11D3-BF4B-00C04F79EFBC}") = "Exercice12_1", "Exercice12_1\Exercice12_1.csproj", "{F1F00EA7-2AE0-42BB-8AEB-3ED9D336DCFE}"
EndProject
Project("{FAE04EC0-301F-11D3-BF4B-00C04F79EFBC}") = "Exercice13", "Exercice13\Exercice13.csproj", "{549E8B13-5CD3-4553-A825-48CE5D02BFF8}"
EndProject
Project("{FAE04EC0-301F-11D3-BF4B-00C04F79EFBC}") = "Exercice14", "Exercice14\Exercice14.csproj", "{E59797A4-8022-4F4D-B18D-DEE0F0F08D02}"
EndProject
Project("{FAE04EC0-301F-11D3-BF4B-00C04F79EFBC}") = "Exercice15", "Exercice15\Exercice15.csproj", "{79567D47-D186-465C-BECD-C3B11E71B28B}"
EndProject
Project("{FAE04EC0-301F-11D3-BF4B-00C04F79EFBC}") = "Exercice16", "Exercice16\Exercice16.csproj", "{3FEFA202-7381-4A55-BFBE-B836E7F0403B}"
EndProject
Project("{FAE04EC0-301F-11D3-BF4B-00C04F79EFBC}") = "Exercice16_1", "Exercice16_1\Exercice16_1.csproj", "{85E2C4CC-F932-4777-B018-CF43DA743064}"
EndProject
Project("{FAE04EC0-301F-11D3-BF4B-00C04F79EFBC}") = "Exercice17", "Exercice17\Exercice17.csproj", "{16C639EE-829B-4F68-8678-A7B6F2568459}"
EndProject
Project("{FAE04EC0-301F-11D3-BF4B-00C04F79EFBC}") = "Exercice18", "Exercice18\Exercice18.csproj", "{91179253-1A03-496C-93E6-83D2A7665995}"
EndProject
Project("{FAE04EC0-301F-11D3-BF4B-00C04F79EFBC}") = "Exercice19", "Exercice19\Exercice19.csproj", "{B37954DD-9F44-42D6-B293-613BB662F01D}"
EndProject
Project("{FAE04EC0-301F-11D3-BF4B-00C04F79EFBC}") = "Exercice20", "Exercice20\Exercice20.csproj", "{C8836419-8564-4AB1-BAC6-B1DEA49B0D64}"
EndProject
Project("{FAE04EC0-301F-11D3-BF4B-00C04F79EFBC}") = "Exercice20_1", "Exercice20_1\Exercice20_1.csproj", "{FEDBAADE-0F25-4E65-80EB-D9C16045A09F}"
EndProject
Project("{FAE04EC0-301F-11D3-BF4B-00C04F79EFBC}") = "Exercice21", "Exercice21\Exercice21.csproj", "{2D7466D8-0B93-4AEE-AAAF-9723339C6249}"
EndProject
Project("{FAE04EC0-301F-11D3-BF4B-00C04F79EFBC}") = "Exercice22", "Exercice22\Exercice22.csproj", "{416ECBD5-E90C-49ED-9B3E-6A8E2C376F4D}"
EndProject
Project("{FAE04EC0-301F-11D3-BF4B-00C04F79EFBC}") = "Exercice21_1", "Exercice21_1\Exercice21_1.csproj", "{13175D38-33FF-49A0-98E7-9127C1B7484A}"
EndProject
Project("{FAE04EC0-301F-11D3-BF4B-00C04F79EFBC}") = "Exercice21_2", "Exercice21_2\Exercice21_2.csproj", "{B0FDDEDC-A2C2-4CB1-A18E-18146B83D8BD}"
EndProject
Project("{FAE04EC0-301F-11D3-BF4B-00C04F79EFBC}") = "Exercice23", "Exercice23\Exercice23.csproj", "{71E70C3C-6A20-415A-BD2D-D00FC4304E15}"
EndProject
Project("{FAE04EC0-301F-11D3-BF4B-00C04F79EFBC}") = "Exercice24", "Exercice24\Exercice24.csproj", "{B6D176F5-A598-4F7B-ACC7-D5E7CBF1518D}"
EndProject
Project("{FAE04EC0-301F-11D3-BF4B-00C04F79EFBC}") = "Exercice24_1", "Exercice24_1\Exercice24_1.csproj", "{B88B7C67-4254-4E34-AA9E-5B865CFA5392}"
EndProject
Global
	GlobalSection(SolutionConfigurationPlatforms) = preSolution
		Debug|Any CPU = Debug|Any CPU
		Release|Any CPU = Release|Any CPU
	EndGlobalSection
	GlobalSection(ProjectConfigurationPlatforms) = postSolution
		{C2696AEF-D491-4C18-A95F-95F94961BF07}.Debug|Any CPU.ActiveCfg = Debug|Any CPU
		{C2696AEF-D491-4C18-A95F-95F94961BF07}.Debug|Any CPU.Build.0 = Debug|Any CPU
		{C2696AEF-D491-4C18-A95F-95F94961BF07}.Release|Any CPU.ActiveCfg = Release|Any CPU
		{C2696AEF-D491-4C18-A95F-95F94961BF07}.Release|Any CPU.Build.0 = Release|Any CPU
		{C30D28BD-7AD4-4A81-8325-4A580932CF4E}.Debug|Any CPU.ActiveCfg = Debug|Any CPU
		{C30D28BD-7AD4-4A81-8325-4A580932CF4E}.Debug|Any CPU.Build.0 = Debug|Any CPU
		{C30D28BD-7AD4-4A81-8325-4A580932CF4E}.Release|Any CPU.ActiveCfg = Release|Any CPU
		{C30D28BD-7AD4-4A81-8325-4A580932CF4E}.Release|Any CPU.Build.0 = Release|Any CPU
		{1F0DDD78-4848-4137-B8C4-C15B4E4F18DD}.Debug|Any CPU.ActiveCfg = Debug|Any CPU
		{1F0DDD78-4848-4137-B8C4-C15B4E4F18DD}.Debug|Any CPU.Build.0 = Debug|Any CPU
		{1F0DDD78-4848-4137-B8C4-C15B4E4F18DD}.Release|Any CPU.ActiveCfg = Release|Any CPU
		{1F0DDD78-4848-4137-B8C4-C15B4E4F18DD}.Release|Any CPU.Build.0 = Release|Any CPU
		{C24CB300-AEF7-490E-9B97-660475DBF9A0}.Debug|Any CPU.ActiveCfg = Debug|Any CPU
		{C24CB300-AEF7-490E-9B97-660475DBF9A0}.Debug|Any CPU.Build.0 = Debug|Any CPU
		{C24CB300-AEF7-490E-9B97-660475DBF9A0}.Release|Any CPU.ActiveCfg = Release|Any CPU
		{C24CB300-AEF7-490E-9B97-660475DBF9A0}.Release|Any CPU.Build.0 = Release|Any CPU
		{9DC15681-169E-454B-953A-A222E6137715}.Debug|Any CPU.ActiveCfg = Debug|Any CPU
		{9DC15681-169E-454B-953A-A222E6137715}.Debug|Any CPU.Build.0 = Debug|Any CPU
		{9DC15681-169E-454B-953A-A222E6137715}.Release|Any CPU.ActiveCfg = Release|Any CPU
		{9DC15681-169E-454B-953A-A222E6137715}.Release|Any CPU.Build.0 = Release|Any CPU
		{9463E4B2-D58F-406D-BE95-FCDA849F59DB}.Debug|Any CPU.ActiveCfg = Debug|Any CPU
		{9463E4B2-D58F-406D-BE95-FCDA849F59DB}.Debug|Any CPU.Build.0 = Debug|Any CPU
		{9463E4B2-D58F-406D-BE95-FCDA849F59DB}.Release|Any CPU.ActiveCfg = Release|Any CPU
		{9463E4B2-D58F-406D-BE95-FCDA849F59DB}.Release|Any CPU.Build.0 = Release|Any CPU
		{43C57137-9841-4EF2-AB3B-5A04E71D177F}.Debug|Any CPU.ActiveCfg = Debug|Any CPU
		{43C57137-9841-4EF2-AB3B-5A04E71D177F}.Debug|Any CPU.Build.0 = Debug|Any CPU
		{43C57137-9841-4EF2-AB3B-5A04E71D177F}.Release|Any CPU.ActiveCfg = Release|Any CPU
		{43C57137-9841-4EF2-AB3B-5A04E71D177F}.Release|Any CPU.Build.0 = Release|Any CPU
		{8FDB7A34-B519-4B46-BFCE-7F041D828120}.Debug|Any CPU.ActiveCfg = Debug|Any CPU
		{8FDB7A34-B519-4B46-BFCE-7F041D828120}.Debug|Any CPU.Build.0 = Debug|Any CPU
		{8FDB7A34-B519-4B46-BFCE-7F041D828120}.Release|Any CPU.ActiveCfg = Release|Any CPU
		{8FDB7A34-B519-4B46-BFCE-7F041D828120}.Release|Any CPU.Build.0 = Release|Any CPU
		{0C3D520B-6FF9-4A21-8BB7-A4AB5533EA8C}.Debug|Any CPU.ActiveCfg = Debug|Any CPU
		{0C3D520B-6FF9-4A21-8BB7-A4AB5533EA8C}.Debug|Any CPU.Build.0 = Debug|Any CPU
		{0C3D520B-6FF9-4A21-8BB7-A4AB5533EA8C}.Release|Any CPU.ActiveCfg = Release|Any CPU
		{0C3D520B-6FF9-4A21-8BB7-A4AB5533EA8C}.Release|Any CPU.Build.0 = Release|Any CPU
		{C95965FA-8A4A-472F-8B1B-11FDFDABFE19}.Debug|Any CPU.ActiveCfg = Debug|Any CPU
		{C95965FA-8A4A-472F-8B1B-11FDFDABFE19}.Debug|Any CPU.Build.0 = Debug|Any CPU
		{C95965FA-8A4A-472F-8B1B-11FDFDABFE19}.Release|Any CPU.ActiveCfg = Release|Any CPU
		{C95965FA-8A4A-472F-8B1B-11FDFDABFE19}.Release|Any CPU.Build.0 = Release|Any CPU
		{8E10DA3A-7230-41F5-B169-91A6371DA1A2}.Debug|Any CPU.ActiveCfg = Debug|Any CPU
		{8E10DA3A-7230-41F5-B169-91A6371DA1A2}.Debug|Any CPU.Build.0 = Debug|Any CPU
		{8E10DA3A-7230-41F5-B169-91A6371DA1A2}.Release|Any CPU.ActiveCfg = Release|Any CPU
		{8E10DA3A-7230-41F5-B169-91A6371DA1A2}.Release|Any CPU.Build.0 = Release|Any CPU
		{2DFCB9C6-7DE6-4197-B699-5D4C16B5A431}.Debug|Any CPU.ActiveCfg = Debug|Any CPU
		{2DFCB9C6-7DE6-4197-B699-5D4C16B5A431}.Debug|Any CPU.Build.0 = Debug|Any CPU
		{2DFCB9C6-7DE6-4197-B699-5D4C16B5A431}.Release|Any CPU.ActiveCfg = Release|Any CPU
		{2DFCB9C6-7DE6-4197-B699-5D4C16B5A431}.Release|Any CPU.Build.0 = Release|Any CPU
		{F14656FB-4B48-4696-8629-9C083691855E}.Debug|Any CPU.ActiveCfg = Debug|Any CPU
		{F14656FB-4B48-4696-8629-9C083691855E}.Debug|Any CPU.Build.0 = Debug|Any CPU
		{F14656FB-4B48-4696-8629-9C083691855E}.Release|Any CPU.ActiveCfg = Release|Any CPU
		{F14656FB-4B48-4696-8629-9C083691855E}.Release|Any CPU.Build.0 = Release|Any CPU
		{F1F00EA7-2AE0-42BB-8AEB-3ED9D336DCFE}.Debug|Any CPU.ActiveCfg = Debug|Any CPU
		{F1F00EA7-2AE0-42BB-8AEB-3ED9D336DCFE}.Debug|Any CPU.Build.0 = Debug|Any CPU
		{F1F00EA7-2AE0-42BB-8AEB-3ED9D336DCFE}.Release|Any CPU.ActiveCfg = Release|Any CPU
		{F1F00EA7-2AE0-42BB-8AEB-3ED9D336DCFE}.Release|Any CPU.Build.0 = Release|Any CPU
		{549E8B13-5CD3-4553-A825-48CE5D02BFF8}.Debug|Any CPU.ActiveCfg = Debug|Any CPU
		{549E8B13-5CD3-4553-A825-48CE5D02BFF8}.Debug|Any CPU.Build.0 = Debug|Any CPU
		{549E8B13-5CD3-4553-A825-48CE5D02BFF8}.Release|Any CPU.ActiveCfg = Release|Any CPU
		{549E8B13-5CD3-4553-A825-48CE5D02BFF8}.Release|Any CPU.Build.0 = Release|Any CPU
		{E59797A4-8022-4F4D-B18D-DEE0F0F08D02}.Debug|Any CPU.ActiveCfg = Debug|Any CPU
		{E59797A4-8022-4F4D-B18D-DEE0F0F08D02}.Debug|Any CPU.Build.0 = Debug|Any CPU
		{E59797A4-8022-4F4D-B18D-DEE0F0F08D02}.Release|Any CPU.ActiveCfg = Release|Any CPU
		{E59797A4-8022-4F4D-B18D-DEE0F0F08D02}.Release|Any CPU.Build.0 = Release|Any CPU
		{79567D47-D186-465C-BECD-C3B11E71B28B}.Debug|Any CPU.ActiveCfg = Debug|Any CPU
		{79567D47-D186-465C-BECD-C3B11E71B28B}.Debug|Any CPU.Build.0 = Debug|Any CPU
		{79567D47-D186-465C-BECD-C3B11E71B28B}.Release|Any CPU.ActiveCfg = Release|Any CPU
		{79567D47-D186-465C-BECD-C3B11E71B28B}.Release|Any CPU.Build.0 = Release|Any CPU
		{3FEFA202-7381-4A55-BFBE-B836E7F0403B}.Debug|Any CPU.ActiveCfg = Debug|Any CPU
		{3FEFA202-7381-4A55-BFBE-B836E7F0403B}.Debug|Any CPU.Build.0 = Debug|Any CPU
		{3FEFA202-7381-4A55-BFBE-B836E7F0403B}.Release|Any CPU.ActiveCfg = Release|Any CPU
		{3FEFA202-7381-4A55-BFBE-B836E7F0403B}.Release|Any CPU.Build.0 = Release|Any CPU
		{85E2C4CC-F932-4777-B018-CF43DA743064}.Debug|Any CPU.ActiveCfg = Debug|Any CPU
		{85E2C4CC-F932-4777-B018-CF43DA743064}.Debug|Any CPU.Build.0 = Debug|Any CPU
		{85E2C4CC-F932-4777-B018-CF43DA743064}.Release|Any CPU.ActiveCfg = Release|Any CPU
		{85E2C4CC-F932-4777-B018-CF43DA743064}.Release|Any CPU.Build.0 = Release|Any CPU
		{16C639EE-829B-4F68-8678-A7B6F2568459}.Debug|Any CPU.ActiveCfg = Debug|Any CPU
		{16C639EE-829B-4F68-8678-A7B6F2568459}.Debug|Any CPU.Build.0 = Debug|Any CPU
		{16C639EE-829B-4F68-8678-A7B6F2568459}.Release|Any CPU.ActiveCfg = Release|Any CPU
		{16C639EE-829B-4F68-8678-A7B6F2568459}.Release|Any CPU.Build.0 = Release|Any CPU
		{91179253-1A03-496C-93E6-83D2A7665995}.Debug|Any CPU.ActiveCfg = Debug|Any CPU
		{91179253-1A03-496C-93E6-83D2A7665995}.Debug|Any CPU.Build.0 = Debug|Any CPU
		{91179253-1A03-496C-93E6-83D2A7665995}.Release|Any CPU.ActiveCfg = Release|Any CPU
		{91179253-1A03-496C-93E6-83D2A7665995}.Release|Any CPU.Build.0 = Release|Any CPU
		{B37954DD-9F44-42D6-B293-613BB662F01D}.Debug|Any CPU.ActiveCfg = Debug|Any CPU
		{B37954DD-9F44-42D6-B293-613BB662F01D}.Debug|Any CPU.Build.0 = Debug|Any CPU
		{B37954DD-9F44-42D6-B293-613BB662F01D}.Release|Any CPU.ActiveCfg = Release|Any CPU
		{B37954DD-9F44-42D6-B293-613BB662F01D}.Release|Any CPU.Build.0 = Release|Any CPU
		{C8836419-8564-4AB1-BAC6-B1DEA49B0D64}.Debug|Any CPU.ActiveCfg = Debug|Any CPU
		{C8836419-8564-4AB1-BAC6-B1DEA49B0D64}.Debug|Any CPU.Build.0 = Debug|Any CPU
		{C8836419-8564-4AB1-BAC6-B1DEA49B0D64}.Release|Any CPU.ActiveCfg = Release|Any CPU
		{C8836419-8564-4AB1-BAC6-B1DEA49B0D64}.Release|Any CPU.Build.0 = Release|Any CPU
		{FEDBAADE-0F25-4E65-80EB-D9C16045A09F}.Debug|Any CPU.ActiveCfg = Debug|Any CPU
		{FEDBAADE-0F25-4E65-80EB-D9C16045A09F}.Debug|Any CPU.Build.0 = Debug|Any CPU
		{FEDBAADE-0F25-4E65-80EB-D9C16045A09F}.Release|Any CPU.ActiveCfg = Release|Any CPU
		{FEDBAADE-0F25-4E65-80EB-D9C16045A09F}.Release|Any CPU.Build.0 = Release|Any CPU
		{2D7466D8-0B93-4AEE-AAAF-9723339C6249}.Debug|Any CPU.ActiveCfg = Debug|Any CPU
		{2D7466D8-0B93-4AEE-AAAF-9723339C6249}.Debug|Any CPU.Build.0 = Debug|Any CPU
		{2D7466D8-0B93-4AEE-AAAF-9723339C6249}.Release|Any CPU.ActiveCfg = Release|Any CPU
		{2D7466D8-0B93-4AEE-AAAF-9723339C6249}.Release|Any CPU.Build.0 = Release|Any CPU
		{416ECBD5-E90C-49ED-9B3E-6A8E2C376F4D}.Debug|Any CPU.ActiveCfg = Debug|Any CPU
		{416ECBD5-E90C-49ED-9B3E-6A8E2C376F4D}.Debug|Any CPU.Build.0 = Debug|Any CPU
		{416ECBD5-E90C-49ED-9B3E-6A8E2C376F4D}.Release|Any CPU.ActiveCfg = Release|Any CPU
		{416ECBD5-E90C-49ED-9B3E-6A8E2C376F4D}.Release|Any CPU.Build.0 = Release|Any CPU
		{13175D38-33FF-49A0-98E7-9127C1B7484A}.Debug|Any CPU.ActiveCfg = Debug|Any CPU
		{13175D38-33FF-49A0-98E7-9127C1B7484A}.Debug|Any CPU.Build.0 = Debug|Any CPU
		{13175D38-33FF-49A0-98E7-9127C1B7484A}.Release|Any CPU.ActiveCfg = Release|Any CPU
		{13175D38-33FF-49A0-98E7-9127C1B7484A}.Release|Any CPU.Build.0 = Release|Any CPU
		{B0FDDEDC-A2C2-4CB1-A18E-18146B83D8BD}.Debug|Any CPU.ActiveCfg = Debug|Any CPU
		{B0FDDEDC-A2C2-4CB1-A18E-18146B83D8BD}.Debug|Any CPU.Build.0 = Debug|Any CPU
		{B0FDDEDC-A2C2-4CB1-A18E-18146B83D8BD}.Release|Any CPU.ActiveCfg = Release|Any CPU
		{B0FDDEDC-A2C2-4CB1-A18E-18146B83D8BD}.Release|Any CPU.Build.0 = Release|Any CPU
		{71E70C3C-6A20-415A-BD2D-D00FC4304E15}.Debug|Any CPU.ActiveCfg = Debug|Any CPU
		{71E70C3C-6A20-415A-BD2D-D00FC4304E15}.Debug|Any CPU.Build.0 = Debug|Any CPU
		{71E70C3C-6A20-415A-BD2D-D00FC4304E15}.Release|Any CPU.ActiveCfg = Release|Any CPU
		{71E70C3C-6A20-415A-BD2D-D00FC4304E15}.Release|Any CPU.Build.0 = Release|Any CPU
		{B6D176F5-A598-4F7B-ACC7-D5E7CBF1518D}.Debug|Any CPU.ActiveCfg = Debug|Any CPU
		{B6D176F5-A598-4F7B-ACC7-D5E7CBF1518D}.Debug|Any CPU.Build.0 = Debug|Any CPU
		{B6D176F5-A598-4F7B-ACC7-D5E7CBF1518D}.Release|Any CPU.ActiveCfg = Release|Any CPU
		{B6D176F5-A598-4F7B-ACC7-D5E7CBF1518D}.Release|Any CPU.Build.0 = Release|Any CPU
		{B88B7C67-4254-4E34-AA9E-5B865CFA5392}.Debug|Any CPU.ActiveCfg = Debug|Any CPU
		{B88B7C67-4254-4E34-AA9E-5B865CFA5392}.Debug|Any CPU.Build.0 = Debug|Any CPU
		{B88B7C67-4254-4E34-AA9E-5B865CFA5392}.Release|Any CPU.ActiveCfg = Release|Any CPU
		{B88B7C67-4254-4E34-AA9E-5B865CFA5392}.Release|Any CPU.Build.0 = Release|Any CPU
	EndGlobalSection
	GlobalSection(SolutionProperties) = preSolution
		HideSolutionNode = FALSE
	EndGlobalSection
	GlobalSection(ExtensibilityGlobals) = postSolution
		SolutionGuid = {E62BE477-D48F-458D-9C06-4EB728D36F6C}
	EndGlobalSection
EndGlobal
